// !$*UTF8*$!
{
	archiveVersion = 1;
	classes = {
	};
	objectVersion = 50;
	objects = {

/* Begin PBXBuildFile section */
		300B429E2372BEB700EA5AF7 /* DescribeImage.swift in Sources */ = {isa = PBXBuildFile; fileRef = 300B429D2372BEB700EA5AF7 /* DescribeImage.swift */; };
		300B42A02372BF3700EA5AF7 /* ImagePicker.swift in Sources */ = {isa = PBXBuildFile; fileRef = 300B429F2372BF3700EA5AF7 /* ImagePicker.swift */; };
		304C3349235573C4000341B7 /* AppDelegate.swift in Sources */ = {isa = PBXBuildFile; fileRef = 304C3348235573C4000341B7 /* AppDelegate.swift */; };
		304C334B235573C4000341B7 /* SceneDelegate.swift in Sources */ = {isa = PBXBuildFile; fileRef = 304C334A235573C4000341B7 /* SceneDelegate.swift */; };
		304C334D235573C4000341B7 /* ViewController.swift in Sources */ = {isa = PBXBuildFile; fileRef = 304C334C235573C4000341B7 /* ViewController.swift */; };
		304C3350235573C4000341B7 /* Main.storyboard in Resources */ = {isa = PBXBuildFile; fileRef = 304C334E235573C4000341B7 /* Main.storyboard */; };
		304C3352235573D5000341B7 /* Assets.xcassets in Resources */ = {isa = PBXBuildFile; fileRef = 304C3351235573D5000341B7 /* Assets.xcassets */; };
		304C3355235573D5000341B7 /* LaunchScreen.storyboard in Resources */ = {isa = PBXBuildFile; fileRef = 304C3353235573D5000341B7 /* LaunchScreen.storyboard */; };
		3098D04323775AB7002A91A4 /* LearnNewLanguageTests.swift in Sources */ = {isa = PBXBuildFile; fileRef = 3098D04223775AB7002A91A4 /* LearnNewLanguageTests.swift */; };
		6ABA479D237493EA00F2546E /* ResultsViewController.swift in Sources */ = {isa = PBXBuildFile; fileRef = 6ABA479C237493EA00F2546E /* ResultsViewController.swift */; };
		6ABA479F2374BBFD00F2546E /* HistoryViewController.swift in Sources */ = {isa = PBXBuildFile; fileRef = 6ABA479E2374BBFD00F2546E /* HistoryViewController.swift */; };
/* End PBXBuildFile section */

/* Begin PBXContainerItemProxy section */
		3098D04523775AB7002A91A4 /* PBXContainerItemProxy */ = {
			isa = PBXContainerItemProxy;
			containerPortal = 304C333D235573C4000341B7 /* Project object */;
			proxyType = 1;
			remoteGlobalIDString = 304C3344235573C4000341B7;
			remoteInfo = LearnNewLanguage;
		};
/* End PBXContainerItemProxy section */

/* Begin PBXFileReference section */
		300B429D2372BEB700EA5AF7 /* DescribeImage.swift */ = {isa = PBXFileReference; lastKnownFileType = sourcecode.swift; path = DescribeImage.swift; sourceTree = "<group>"; };
		300B429F2372BF3700EA5AF7 /* ImagePicker.swift */ = {isa = PBXFileReference; fileEncoding = 4; lastKnownFileType = sourcecode.swift; path = ImagePicker.swift; sourceTree = "<group>"; };
		304C3345235573C4000341B7 /* LearnNewLanguage.app */ = {isa = PBXFileReference; explicitFileType = wrapper.application; includeInIndex = 0; path = LearnNewLanguage.app; sourceTree = BUILT_PRODUCTS_DIR; };
		304C3348235573C4000341B7 /* AppDelegate.swift */ = {isa = PBXFileReference; lastKnownFileType = sourcecode.swift; path = AppDelegate.swift; sourceTree = "<group>"; };
		304C334A235573C4000341B7 /* SceneDelegate.swift */ = {isa = PBXFileReference; lastKnownFileType = sourcecode.swift; path = SceneDelegate.swift; sourceTree = "<group>"; };
		304C334C235573C4000341B7 /* ViewController.swift */ = {isa = PBXFileReference; lastKnownFileType = sourcecode.swift; path = ViewController.swift; sourceTree = "<group>"; };
		304C334F235573C4000341B7 /* Base */ = {isa = PBXFileReference; lastKnownFileType = file.storyboard; name = Base; path = Base.lproj/Main.storyboard; sourceTree = "<group>"; };
		304C3351235573D5000341B7 /* Assets.xcassets */ = {isa = PBXFileReference; lastKnownFileType = folder.assetcatalog; path = Assets.xcassets; sourceTree = "<group>"; };
		304C3354235573D5000341B7 /* Base */ = {isa = PBXFileReference; lastKnownFileType = file.storyboard; name = Base; path = Base.lproj/LaunchScreen.storyboard; sourceTree = "<group>"; };
		304C3356235573D5000341B7 /* Info.plist */ = {isa = PBXFileReference; lastKnownFileType = text.plist.xml; path = Info.plist; sourceTree = "<group>"; };
		3098D04023775AB7002A91A4 /* LearnNewLanguageTests.xctest */ = {isa = PBXFileReference; explicitFileType = wrapper.cfbundle; includeInIndex = 0; path = LearnNewLanguageTests.xctest; sourceTree = BUILT_PRODUCTS_DIR; };
		3098D04223775AB7002A91A4 /* LearnNewLanguageTests.swift */ = {isa = PBXFileReference; lastKnownFileType = sourcecode.swift; path = LearnNewLanguageTests.swift; sourceTree = "<group>"; };
		3098D04423775AB7002A91A4 /* Info.plist */ = {isa = PBXFileReference; lastKnownFileType = text.plist.xml; path = Info.plist; sourceTree = "<group>"; };
		6ABA479C237493EA00F2546E /* ResultsViewController.swift */ = {isa = PBXFileReference; lastKnownFileType = sourcecode.swift; path = ResultsViewController.swift; sourceTree = "<group>"; };
		6ABA479E2374BBFD00F2546E /* HistoryViewController.swift */ = {isa = PBXFileReference; lastKnownFileType = sourcecode.swift; path = HistoryViewController.swift; sourceTree = "<group>"; };
/* End PBXFileReference section */

/* Begin PBXFrameworksBuildPhase section */
		304C3342235573C4000341B7 /* Frameworks */ = {
			isa = PBXFrameworksBuildPhase;
			buildActionMask = 2147483647;
			files = (
			);
			runOnlyForDeploymentPostprocessing = 0;
		};
		3098D03D23775AB7002A91A4 /* Frameworks */ = {
			isa = PBXFrameworksBuildPhase;
			buildActionMask = 2147483647;
			files = (
			);
			runOnlyForDeploymentPostprocessing = 0;
		};
/* End PBXFrameworksBuildPhase section */

/* Begin PBXGroup section */
		304C333C235573C4000341B7 = {
			isa = PBXGroup;
			children = (
				304C3347235573C4000341B7 /* LearnNewLanguage */,
				3098D04123775AB7002A91A4 /* LearnNewLanguageTests */,
				304C3346235573C4000341B7 /* Products */,
			);
			sourceTree = "<group>";
		};
		304C3346235573C4000341B7 /* Products */ = {
			isa = PBXGroup;
			children = (
				304C3345235573C4000341B7 /* LearnNewLanguage.app */,
				3098D04023775AB7002A91A4 /* LearnNewLanguageTests.xctest */,
			);
			name = Products;
			sourceTree = "<group>";
		};
		304C3347235573C4000341B7 /* LearnNewLanguage */ = {
			isa = PBXGroup;
			children = (
				304C3348235573C4000341B7 /* AppDelegate.swift */,
				304C334A235573C4000341B7 /* SceneDelegate.swift */,
				304C334C235573C4000341B7 /* ViewController.swift */,
				304C334E235573C4000341B7 /* Main.storyboard */,
				6ABA479E2374BBFD00F2546E /* HistoryViewController.swift */,
				6ABA479C237493EA00F2546E /* ResultsViewController.swift */,
				304C3351235573D5000341B7 /* Assets.xcassets */,
				300B429F2372BF3700EA5AF7 /* ImagePicker.swift */,
				304C3353235573D5000341B7 /* LaunchScreen.storyboard */,
				304C3356235573D5000341B7 /* Info.plist */,
				300B429D2372BEB700EA5AF7 /* DescribeImage.swift */,
			);
			path = LearnNewLanguage;
			sourceTree = "<group>";
		};
		3098D04123775AB7002A91A4 /* LearnNewLanguageTests */ = {
			isa = PBXGroup;
			children = (
				3098D04223775AB7002A91A4 /* LearnNewLanguageTests.swift */,
				3098D04423775AB7002A91A4 /* Info.plist */,
			);
			path = LearnNewLanguageTests;
			sourceTree = "<group>";
		};
/* End PBXGroup section */

/* Begin PBXNativeTarget section */
		304C3344235573C4000341B7 /* LearnNewLanguage */ = {
			isa = PBXNativeTarget;
			buildConfigurationList = 304C3359235573D5000341B7 /* Build configuration list for PBXNativeTarget "LearnNewLanguage" */;
			buildPhases = (
				304C3341235573C4000341B7 /* Sources */,
				304C3342235573C4000341B7 /* Frameworks */,
				304C3343235573C4000341B7 /* Resources */,
			);
			buildRules = (
			);
			dependencies = (
			);
			name = LearnNewLanguage;
			productName = LearnNewLanguage;
			productReference = 304C3345235573C4000341B7 /* LearnNewLanguage.app */;
			productType = "com.apple.product-type.application";
		};
		3098D03F23775AB7002A91A4 /* LearnNewLanguageTests */ = {
			isa = PBXNativeTarget;
			buildConfigurationList = 3098D04923775AB7002A91A4 /* Build configuration list for PBXNativeTarget "LearnNewLanguageTests" */;
			buildPhases = (
				3098D03C23775AB7002A91A4 /* Sources */,
				3098D03D23775AB7002A91A4 /* Frameworks */,
				3098D03E23775AB7002A91A4 /* Resources */,
			);
			buildRules = (
			);
			dependencies = (
				3098D04623775AB7002A91A4 /* PBXTargetDependency */,
			);
			name = LearnNewLanguageTests;
			productName = LearnNewLanguageTests;
			productReference = 3098D04023775AB7002A91A4 /* LearnNewLanguageTests.xctest */;
			productType = "com.apple.product-type.bundle.unit-test";
		};
/* End PBXNativeTarget section */

/* Begin PBXProject section */
		304C333D235573C4000341B7 /* Project object */ = {
			isa = PBXProject;
			attributes = {
				LastSwiftUpdateCheck = 1120;
				LastUpgradeCheck = 1110;
				ORGANIZATIONNAME = "Ankur Lakhanpal";
				TargetAttributes = {
					304C3344235573C4000341B7 = {
						CreatedOnToolsVersion = 11.1;
					};
					3098D03F23775AB7002A91A4 = {
						CreatedOnToolsVersion = 11.2;
						TestTargetID = 304C3344235573C4000341B7;
					};
				};
			};
			buildConfigurationList = 304C3340235573C4000341B7 /* Build configuration list for PBXProject "LearnNewLanguage" */;
			compatibilityVersion = "Xcode 9.3";
			developmentRegion = en;
			hasScannedForEncodings = 0;
			knownRegions = (
				en,
				Base,
			);
			mainGroup = 304C333C235573C4000341B7;
			productRefGroup = 304C3346235573C4000341B7 /* Products */;
			projectDirPath = "";
			projectRoot = "";
			targets = (
				304C3344235573C4000341B7 /* LearnNewLanguage */,
				3098D03F23775AB7002A91A4 /* LearnNewLanguageTests */,
			);
		};
/* End PBXProject section */

/* Begin PBXResourcesBuildPhase section */
		304C3343235573C4000341B7 /* Resources */ = {
			isa = PBXResourcesBuildPhase;
			buildActionMask = 2147483647;
			files = (
				304C3355235573D5000341B7 /* LaunchScreen.storyboard in Resources */,
				304C3352235573D5000341B7 /* Assets.xcassets in Resources */,
				304C3350235573C4000341B7 /* Main.storyboard in Resources */,
			);
			runOnlyForDeploymentPostprocessing = 0;
		};
		3098D03E23775AB7002A91A4 /* Resources */ = {
			isa = PBXResourcesBuildPhase;
			buildActionMask = 2147483647;
			files = (
			);
			runOnlyForDeploymentPostprocessing = 0;
		};
/* End PBXResourcesBuildPhase section */

/* Begin PBXSourcesBuildPhase section */
		304C3341235573C4000341B7 /* Sources */ = {
			isa = PBXSourcesBuildPhase;
			buildActionMask = 2147483647;
			files = (
				304C334D235573C4000341B7 /* ViewController.swift in Sources */,
				300B429E2372BEB700EA5AF7 /* DescribeImage.swift in Sources */,
				300B42A02372BF3700EA5AF7 /* ImagePicker.swift in Sources */,
				304C3349235573C4000341B7 /* AppDelegate.swift in Sources */,
				304C334B235573C4000341B7 /* SceneDelegate.swift in Sources */,
				6ABA479F2374BBFD00F2546E /* HistoryViewController.swift in Sources */,
				6ABA479D237493EA00F2546E /* ResultsViewController.swift in Sources */,
			);
			runOnlyForDeploymentPostprocessing = 0;
		};
		3098D03C23775AB7002A91A4 /* Sources */ = {
			isa = PBXSourcesBuildPhase;
			buildActionMask = 2147483647;
			files = (
				3098D04323775AB7002A91A4 /* LearnNewLanguageTests.swift in Sources */,
			);
			runOnlyForDeploymentPostprocessing = 0;
		};
/* End PBXSourcesBuildPhase section */

/* Begin PBXTargetDependency section */
		3098D04623775AB7002A91A4 /* PBXTargetDependency */ = {
			isa = PBXTargetDependency;
			target = 304C3344235573C4000341B7 /* LearnNewLanguage */;
			targetProxy = 3098D04523775AB7002A91A4 /* PBXContainerItemProxy */;
		};
/* End PBXTargetDependency section */

/* Begin PBXVariantGroup section */
		304C334E235573C4000341B7 /* Main.storyboard */ = {
			isa = PBXVariantGroup;
			children = (
				304C334F235573C4000341B7 /* Base */,
			);
			name = Main.storyboard;
			sourceTree = "<group>";
		};
		304C3353235573D5000341B7 /* LaunchScreen.storyboard */ = {
			isa = PBXVariantGroup;
			children = (
				304C3354235573D5000341B7 /* Base */,
			);
			name = LaunchScreen.storyboard;
			sourceTree = "<group>";
		};
/* End PBXVariantGroup section */

/* Begin XCBuildConfiguration section */
		304C3357235573D5000341B7 /* Debug */ = {
			isa = XCBuildConfiguration;
			buildSettings = {
				ALWAYS_SEARCH_USER_PATHS = NO;
				CLANG_ANALYZER_NONNULL = YES;
				CLANG_ANALYZER_NUMBER_OBJECT_CONVERSION = YES_AGGRESSIVE;
				CLANG_CXX_LANGUAGE_STANDARD = "gnu++14";
				CLANG_CXX_LIBRARY = "libc++";
				CLANG_ENABLE_MODULES = YES;
				CLANG_ENABLE_OBJC_ARC = YES;
				CLANG_ENABLE_OBJC_WEAK = YES;
				CLANG_WARN_BLOCK_CAPTURE_AUTORELEASING = YES;
				CLANG_WARN_BOOL_CONVERSION = YES;
				CLANG_WARN_COMMA = YES;
				CLANG_WARN_CONSTANT_CONVERSION = YES;
				CLANG_WARN_DEPRECATED_OBJC_IMPLEMENTATIONS = YES;
				CLANG_WARN_DIRECT_OBJC_ISA_USAGE = YES_ERROR;
				CLANG_WARN_DOCUMENTATION_COMMENTS = YES;
				CLANG_WARN_EMPTY_BODY = YES;
				CLANG_WARN_ENUM_CONVERSION = YES;
				CLANG_WARN_INFINITE_RECURSION = YES;
				CLANG_WARN_INT_CONVERSION = YES;
				CLANG_WARN_NON_LITERAL_NULL_CONVERSION = YES;
				CLANG_WARN_OBJC_IMPLICIT_RETAIN_SELF = YES;
				CLANG_WARN_OBJC_LITERAL_CONVERSION = YES;
				CLANG_WARN_OBJC_ROOT_CLASS = YES_ERROR;
				CLANG_WARN_RANGE_LOOP_ANALYSIS = YES;
				CLANG_WARN_STRICT_PROTOTYPES = YES;
				CLANG_WARN_SUSPICIOUS_MOVE = YES;
				CLANG_WARN_UNGUARDED_AVAILABILITY = YES_AGGRESSIVE;
				CLANG_WARN_UNREACHABLE_CODE = YES;
				CLANG_WARN__DUPLICATE_METHOD_MATCH = YES;
				COPY_PHASE_STRIP = NO;
				DEBUG_INFORMATION_FORMAT = dwarf;
				ENABLE_STRICT_OBJC_MSGSEND = YES;
				ENABLE_TESTABILITY = YES;
				GCC_C_LANGUAGE_STANDARD = gnu11;
				GCC_DYNAMIC_NO_PIC = NO;
				GCC_NO_COMMON_BLOCKS = YES;
				GCC_OPTIMIZATION_LEVEL = 0;
				GCC_PREPROCESSOR_DEFINITIONS = (
					"DEBUG=1",
					"$(inherited)",
				);
				GCC_WARN_64_TO_32_BIT_CONVERSION = YES;
				GCC_WARN_ABOUT_RETURN_TYPE = YES_ERROR;
				GCC_WARN_UNDECLARED_SELECTOR = YES;
				GCC_WARN_UNINITIALIZED_AUTOS = YES_AGGRESSIVE;
				GCC_WARN_UNUSED_FUNCTION = YES;
				GCC_WARN_UNUSED_VARIABLE = YES;
				IPHONEOS_DEPLOYMENT_TARGET = 13.1;
				MTL_ENABLE_DEBUG_INFO = INCLUDE_SOURCE;
				MTL_FAST_MATH = YES;
				ONLY_ACTIVE_ARCH = YES;
				SDKROOT = iphoneos;
				SWIFT_ACTIVE_COMPILATION_CONDITIONS = DEBUG;
				SWIFT_OPTIMIZATION_LEVEL = "-Onone";
			};
			name = Debug;
		};
		304C3358235573D5000341B7 /* Release */ = {
			isa = XCBuildConfiguration;
			buildSettings = {
				ALWAYS_SEARCH_USER_PATHS = NO;
				CLANG_ANALYZER_NONNULL = YES;
				CLANG_ANALYZER_NUMBER_OBJECT_CONVERSION = YES_AGGRESSIVE;
				CLANG_CXX_LANGUAGE_STANDARD = "gnu++14";
				CLANG_CXX_LIBRARY = "libc++";
				CLANG_ENABLE_MODULES = YES;
				CLANG_ENABLE_OBJC_ARC = YES;
				CLANG_ENABLE_OBJC_WEAK = YES;
				CLANG_WARN_BLOCK_CAPTURE_AUTORELEASING = YES;
				CLANG_WARN_BOOL_CONVERSION = YES;
				CLANG_WARN_COMMA = YES;
				CLANG_WARN_CONSTANT_CONVERSION = YES;
				CLANG_WARN_DEPRECATED_OBJC_IMPLEMENTATIONS = YES;
				CLANG_WARN_DIRECT_OBJC_ISA_USAGE = YES_ERROR;
				CLANG_WARN_DOCUMENTATION_COMMENTS = YES;
				CLANG_WARN_EMPTY_BODY = YES;
				CLANG_WARN_ENUM_CONVERSION = YES;
				CLANG_WARN_INFINITE_RECURSION = YES;
				CLANG_WARN_INT_CONVERSION = YES;
				CLANG_WARN_NON_LITERAL_NULL_CONVERSION = YES;
				CLANG_WARN_OBJC_IMPLICIT_RETAIN_SELF = YES;
				CLANG_WARN_OBJC_LITERAL_CONVERSION = YES;
				CLANG_WARN_OBJC_ROOT_CLASS = YES_ERROR;
				CLANG_WARN_RANGE_LOOP_ANALYSIS = YES;
				CLANG_WARN_STRICT_PROTOTYPES = YES;
				CLANG_WARN_SUSPICIOUS_MOVE = YES;
				CLANG_WARN_UNGUARDED_AVAILABILITY = YES_AGGRESSIVE;
				CLANG_WARN_UNREACHABLE_CODE = YES;
				CLANG_WARN__DUPLICATE_METHOD_MATCH = YES;
				COPY_PHASE_STRIP = NO;
				DEBUG_INFORMATION_FORMAT = "dwarf-with-dsym";
				ENABLE_NS_ASSERTIONS = NO;
				ENABLE_STRICT_OBJC_MSGSEND = YES;
				GCC_C_LANGUAGE_STANDARD = gnu11;
				GCC_NO_COMMON_BLOCKS = YES;
				GCC_WARN_64_TO_32_BIT_CONVERSION = YES;
				GCC_WARN_ABOUT_RETURN_TYPE = YES_ERROR;
				GCC_WARN_UNDECLARED_SELECTOR = YES;
				GCC_WARN_UNINITIALIZED_AUTOS = YES_AGGRESSIVE;
				GCC_WARN_UNUSED_FUNCTION = YES;
				GCC_WARN_UNUSED_VARIABLE = YES;
				IPHONEOS_DEPLOYMENT_TARGET = 13.1;
				MTL_ENABLE_DEBUG_INFO = NO;
				MTL_FAST_MATH = YES;
				SDKROOT = iphoneos;
				SWIFT_COMPILATION_MODE = wholemodule;
				SWIFT_OPTIMIZATION_LEVEL = "-O";
				VALIDATE_PRODUCT = YES;
			};
			name = Release;
		};
		304C335A235573D5000341B7 /* Debug */ = {
			isa = XCBuildConfiguration;
			buildSettings = {
				ASSETCATALOG_COMPILER_APPICON_NAME = AppIcon;
				CODE_SIGN_STYLE = Automatic;
				DEVELOPMENT_TEAM = X959JP3H43;
				INFOPLIST_FILE = LearnNewLanguage/Info.plist;
				LD_RUNPATH_SEARCH_PATHS = (
					"$(inherited)",
					"@executable_path/Frameworks",
				);
				PRODUCT_BUNDLE_IDENTIFIER = ankur.unitec.class.exercises.LearnNewLanguage;
				PRODUCT_NAME = "$(TARGET_NAME)";
				SWIFT_VERSION = 5.0;
				TARGETED_DEVICE_FAMILY = 1;
			};
			name = Debug;
		};
		304C335B235573D5000341B7 /* Release */ = {
			isa = XCBuildConfiguration;
			buildSettings = {
				ASSETCATALOG_COMPILER_APPICON_NAME = AppIcon;
				CODE_SIGN_STYLE = Automatic;
				DEVELOPMENT_TEAM = X959JP3H43;
				INFOPLIST_FILE = LearnNewLanguage/Info.plist;
				LD_RUNPATH_SEARCH_PATHS = (
					"$(inherited)",
					"@executable_path/Frameworks",
				);
				PRODUCT_BUNDLE_IDENTIFIER = ankur.unitec.class.exercises.LearnNewLanguage;
				PRODUCT_NAME = "$(TARGET_NAME)";
				SWIFT_VERSION = 5.0;
				TARGETED_DEVICE_FAMILY = 1;
			};
			name = Release;
		};
		3098D04723775AB7002A91A4 /* Debug */ = {
			isa = XCBuildConfiguration;
			buildSettings = {
				BUNDLE_LOADER = "$(TEST_HOST)";
				CODE_SIGN_STYLE = Automatic;
				DEVELOPMENT_TEAM = X959JP3H43;
				INFOPLIST_FILE = LearnNewLanguageTests/Info.plist;
				IPHONEOS_DEPLOYMENT_TARGET = 13.2;
				LD_RUNPATH_SEARCH_PATHS = (
					"$(inherited)",
					"@executable_path/Frameworks",
					"@loader_path/Frameworks",
				);
				PRODUCT_BUNDLE_IDENTIFIER = ankur.unitec.class.exercises.LearnNewLanguageTests;
				PRODUCT_NAME = "$(TARGET_NAME)";
				SWIFT_VERSION = 5.0;
				TARGETED_DEVICE_FAMILY = "1,2";
				TEST_HOST = "$(BUILT_PRODUCTS_DIR)/LearnNewLanguage.app/LearnNewLanguage";
			};
			name = Debug;
		};
		3098D04823775AB7002A91A4 /* Release */ = {
			isa = XCBuildConfiguration;
			buildSettings = {
				BUNDLE_LOADER = "$(TEST_HOST)";
				CODE_SIGN_STYLE = Automatic;
				DEVELOPMENT_TEAM = X959JP3H43;
				INFOPLIST_FILE = LearnNewLanguageTests/Info.plist;
				IPHONEOS_DEPLOYMENT_TARGET = 13.2;
				LD_RUNPATH_SEARCH_PATHS = (
					"$(inherited)",
					"@executable_path/Frameworks",
					"@loader_path/Frameworks",
				);
				PRODUCT_BUNDLE_IDENTIFIER = ankur.unitec.class.exercises.LearnNewLanguageTests;
				PRODUCT_NAME = "$(TARGET_NAME)";
				SWIFT_VERSION = 5.0;
				TARGETED_DEVICE_FAMILY = "1,2";
				TEST_HOST = "$(BUILT_PRODUCTS_DIR)/LearnNewLanguage.app/LearnNewLanguage";
			};
			name = Release;
		};
/* End XCBuildConfiguration section */

/* Begin XCConfigurationList section */
		304C3340235573C4000341B7 /* Build configuration list for PBXProject "LearnNewLanguage" */ = {
			isa = XCConfigurationList;
			buildConfigurations = (
				304C3357235573D5000341B7 /* Debug */,
				304C3358235573D5000341B7 /* Release */,
			);
			defaultConfigurationIsVisible = 0;
			defaultConfigurationName = Release;
		};
		304C3359235573D5000341B7 /* Build configuration list for PBXNativeTarget "LearnNewLanguage" */ = {
			isa = XCConfigurationList;
			buildConfigurations = (
				304C335A235573D5000341B7 /* Debug */,
				304C335B235573D5000341B7 /* Release */,
			);
			defaultConfigurationIsVisible = 0;
			defaultConfigurationName = Release;
		};
		3098D04923775AB7002A91A4 /* Build configuration list for PBXNativeTarget "LearnNewLanguageTests" */ = {
			isa = XCConfigurationList;
			buildConfigurations = (
				3098D04723775AB7002A91A4 /* Debug */,
				3098D04823775AB7002A91A4 /* Release */,
			);
			defaultConfigurationIsVisible = 0;
			defaultConfigurationName = Release;
		};
/* End XCConfigurationList section */
	};
	rootObject = 304C333D235573C4000341B7 /* Project object */;
}
